// !$*UTF8*$!
{
	archiveVersion = 1;
	classes = {
	};
	objectVersion = 46;
	objects = {

/* Begin PBXBuildFile section */
		3DDCABE502A22FCADF39AED5 /* libPods.a in Frameworks */ = {isa = PBXBuildFile; fileRef = 4AFBCF435D1BF026E94948C4 /* libPods.a */; };
		4710B6881A8B315C00260E07 /* AppDelegate.swift in Sources */ = {isa = PBXBuildFile; fileRef = 4710B6871A8B315C00260E07 /* AppDelegate.swift */; };
		4710B68A1A8B315C00260E07 /* YalpViewController.swift in Sources */ = {isa = PBXBuildFile; fileRef = 4710B6891A8B315C00260E07 /* YalpViewController.swift */; };
		4710B68D1A8B315C00260E07 /* Main.storyboard in Resources */ = {isa = PBXBuildFile; fileRef = 4710B68B1A8B315C00260E07 /* Main.storyboard */; };
		4710B68F1A8B315C00260E07 /* Images.xcassets in Resources */ = {isa = PBXBuildFile; fileRef = 4710B68E1A8B315C00260E07 /* Images.xcassets */; };
		4710B6921A8B315C00260E07 /* LaunchScreen.xib in Resources */ = {isa = PBXBuildFile; fileRef = 4710B6901A8B315C00260E07 /* LaunchScreen.xib */; };
		4710B69E1A8B315C00260E07 /* yalpTests.swift in Sources */ = {isa = PBXBuildFile; fileRef = 4710B69D1A8B315C00260E07 /* yalpTests.swift */; };
		4710B6AB1A8B395B00260E07 /* YelpClient.swift in Sources */ = {isa = PBXBuildFile; fileRef = 4710B6AA1A8B395B00260E07 /* YelpClient.swift */; };
		4716BCF61A90F2D80012FC1A /* CategoriesFilterViewController.swift in Sources */ = {isa = PBXBuildFile; fileRef = 4716BCF51A90F2D80012FC1A /* CategoriesFilterViewController.swift */; };
		4727C2FE1A9006780082FCC4 /* FiltersViewController.swift in Sources */ = {isa = PBXBuildFile; fileRef = 4727C2FD1A9006780082FCC4 /* FiltersViewController.swift */; };
		4727C3001A900A090082FCC4 /* CategoryFilterCell.swift in Sources */ = {isa = PBXBuildFile; fileRef = 4727C2FF1A900A090082FCC4 /* CategoryFilterCell.swift */; };
		47C973BC1A91BD0E00FA1078 /* DistanceViewController.swift in Sources */ = {isa = PBXBuildFile; fileRef = 47C973BB1A91BD0E00FA1078 /* DistanceViewController.swift */; };
		47C973BE1A91BD2B00FA1078 /* DistanceFilterCell.swift in Sources */ = {isa = PBXBuildFile; fileRef = 47C973BD1A91BD2B00FA1078 /* DistanceFilterCell.swift */; };
		47EB523A1A8B3DF7006FA14C /* YalpTableViewCell.swift in Sources */ = {isa = PBXBuildFile; fileRef = 47EB52391A8B3DF7006FA14C /* YalpTableViewCell.swift */; };
/* End PBXBuildFile section */

/* Begin PBXContainerItemProxy section */
		4710B6981A8B315C00260E07 /* PBXContainerItemProxy */ = {
			isa = PBXContainerItemProxy;
			containerPortal = 4710B67A1A8B315C00260E07 /* Project object */;
			proxyType = 1;
			remoteGlobalIDString = 4710B6811A8B315C00260E07;
			remoteInfo = yalp;
		};
/* End PBXContainerItemProxy section */

/* Begin PBXFileReference section */
		0695899EC26F3F05EA5A8816 /* Pods.release.xcconfig */ = {isa = PBXFileReference; includeInIndex = 1; lastKnownFileType = text.xcconfig; name = Pods.release.xcconfig; path = "Pods/Target Support Files/Pods/Pods.release.xcconfig"; sourceTree = "<group>"; };
		435037429F464A9F7D8E603D /* Pods.debug.xcconfig */ = {isa = PBXFileReference; includeInIndex = 1; lastKnownFileType = text.xcconfig; name = Pods.debug.xcconfig; path = "Pods/Target Support Files/Pods/Pods.debug.xcconfig"; sourceTree = "<group>"; };
		4710B6821A8B315C00260E07 /* yalp.app */ = {isa = PBXFileReference; explicitFileType = wrapper.application; includeInIndex = 0; path = yalp.app; sourceTree = BUILT_PRODUCTS_DIR; };
		4710B6861A8B315C00260E07 /* Info.plist */ = {isa = PBXFileReference; lastKnownFileType = text.plist.xml; path = Info.plist; sourceTree = "<group>"; };
		4710B6871A8B315C00260E07 /* AppDelegate.swift */ = {isa = PBXFileReference; lastKnownFileType = sourcecode.swift; path = AppDelegate.swift; sourceTree = "<group>"; };
		4710B6891A8B315C00260E07 /* YalpViewController.swift */ = {isa = PBXFileReference; lastKnownFileType = sourcecode.swift; path = YalpViewController.swift; sourceTree = "<group>"; };
		4710B68C1A8B315C00260E07 /* Base */ = {isa = PBXFileReference; lastKnownFileType = file.storyboard; name = Base; path = Base.lproj/Main.storyboard; sourceTree = "<group>"; };
		4710B68E1A8B315C00260E07 /* Images.xcassets */ = {isa = PBXFileReference; lastKnownFileType = folder.assetcatalog; path = Images.xcassets; sourceTree = "<group>"; };
		4710B6911A8B315C00260E07 /* Base */ = {isa = PBXFileReference; lastKnownFileType = file.xib; name = Base; path = Base.lproj/LaunchScreen.xib; sourceTree = "<group>"; };
		4710B6971A8B315C00260E07 /* yalpTests.xctest */ = {isa = PBXFileReference; explicitFileType = wrapper.cfbundle; includeInIndex = 0; path = yalpTests.xctest; sourceTree = BUILT_PRODUCTS_DIR; };
		4710B69C1A8B315C00260E07 /* Info.plist */ = {isa = PBXFileReference; lastKnownFileType = text.plist.xml; path = Info.plist; sourceTree = "<group>"; };
		4710B69D1A8B315C00260E07 /* yalpTests.swift */ = {isa = PBXFileReference; lastKnownFileType = sourcecode.swift; path = yalpTests.swift; sourceTree = "<group>"; };
		4710B6A71A8B390D00260E07 /* yalp-Bridging-Header.h */ = {isa = PBXFileReference; lastKnownFileType = sourcecode.c.h; path = "yalp-Bridging-Header.h"; sourceTree = SOURCE_ROOT; };
		4710B6AA1A8B395B00260E07 /* YelpClient.swift */ = {isa = PBXFileReference; fileEncoding = 4; lastKnownFileType = sourcecode.swift; path = YelpClient.swift; sourceTree = "<group>"; };
		4716BCF51A90F2D80012FC1A /* CategoriesFilterViewController.swift */ = {isa = PBXFileReference; fileEncoding = 4; lastKnownFileType = sourcecode.swift; path = CategoriesFilterViewController.swift; sourceTree = "<group>"; };
		4727C2FD1A9006780082FCC4 /* FiltersViewController.swift */ = {isa = PBXFileReference; fileEncoding = 4; lastKnownFileType = sourcecode.swift; path = FiltersViewController.swift; sourceTree = "<group>"; };
		4727C2FF1A900A090082FCC4 /* CategoryFilterCell.swift */ = {isa = PBXFileReference; fileEncoding = 4; lastKnownFileType = sourcecode.swift; path = CategoryFilterCell.swift; sourceTree = "<group>"; };
		47C973BB1A91BD0E00FA1078 /* DistanceViewController.swift */ = {isa = PBXFileReference; fileEncoding = 4; lastKnownFileType = sourcecode.swift; path = DistanceViewController.swift; sourceTree = "<group>"; };
		47C973BD1A91BD2B00FA1078 /* DistanceFilterCell.swift */ = {isa = PBXFileReference; fileEncoding = 4; lastKnownFileType = sourcecode.swift; path = DistanceFilterCell.swift; sourceTree = "<group>"; };
		47EB52391A8B3DF7006FA14C /* YalpTableViewCell.swift */ = {isa = PBXFileReference; fileEncoding = 4; lastKnownFileType = sourcecode.swift; path = YalpTableViewCell.swift; sourceTree = "<group>"; };
		4AFBCF435D1BF026E94948C4 /* libPods.a */ = {isa = PBXFileReference; explicitFileType = archive.ar; includeInIndex = 0; path = libPods.a; sourceTree = BUILT_PRODUCTS_DIR; };
/* End PBXFileReference section */

/* Begin PBXFrameworksBuildPhase section */
		4710B67F1A8B315C00260E07 /* Frameworks */ = {
			isa = PBXFrameworksBuildPhase;
			buildActionMask = 2147483647;
			files = (
				3DDCABE502A22FCADF39AED5 /* libPods.a in Frameworks */,
			);
			runOnlyForDeploymentPostprocessing = 0;
		};
		4710B6941A8B315C00260E07 /* Frameworks */ = {
			isa = PBXFrameworksBuildPhase;
			buildActionMask = 2147483647;
			files = (
			);
			runOnlyForDeploymentPostprocessing = 0;
		};
/* End PBXFrameworksBuildPhase section */

/* Begin PBXGroup section */
		2733EC505A4D8B85D6F402F8 /* Pods */ = {
			isa = PBXGroup;
			children = (
				435037429F464A9F7D8E603D /* Pods.debug.xcconfig */,
				0695899EC26F3F05EA5A8816 /* Pods.release.xcconfig */,
			);
			name = Pods;
			sourceTree = "<group>";
		};
		4710B6791A8B315B00260E07 = {
			isa = PBXGroup;
			children = (
				4710B6841A8B315C00260E07 /* yalp */,
				4710B69A1A8B315C00260E07 /* yalpTests */,
				4710B6831A8B315C00260E07 /* Products */,
				2733EC505A4D8B85D6F402F8 /* Pods */,
				838D2B741C5D24A452163EF2 /* Frameworks */,
			);
			sourceTree = "<group>";
		};
		4710B6831A8B315C00260E07 /* Products */ = {
			isa = PBXGroup;
			children = (
				4710B6821A8B315C00260E07 /* yalp.app */,
				4710B6971A8B315C00260E07 /* yalpTests.xctest */,
			);
			name = Products;
			sourceTree = "<group>";
		};
		4710B6841A8B315C00260E07 /* yalp */ = {
			isa = PBXGroup;
			children = (
				4710B68B1A8B315C00260E07 /* Main.storyboard */,
				4710B6871A8B315C00260E07 /* AppDelegate.swift */,
				4710B6891A8B315C00260E07 /* YalpViewController.swift */,
				47EB52391A8B3DF7006FA14C /* YalpTableViewCell.swift */,
				4727C2FD1A9006780082FCC4 /* FiltersViewController.swift */,
				4716BCF51A90F2D80012FC1A /* CategoriesFilterViewController.swift */,
				4727C2FF1A900A090082FCC4 /* CategoryFilterCell.swift */,
				47C973BB1A91BD0E00FA1078 /* DistanceViewController.swift */,
				47C973BD1A91BD2B00FA1078 /* DistanceFilterCell.swift */,
				4710B68E1A8B315C00260E07 /* Images.xcassets */,
				4710B6851A8B315C00260E07 /* Supporting Files */,
			);
			path = yalp;
			sourceTree = "<group>";
		};
		4710B6851A8B315C00260E07 /* Supporting Files */ = {
			isa = PBXGroup;
			children = (
				4710B6A71A8B390D00260E07 /* yalp-Bridging-Header.h */,
				4710B6901A8B315C00260E07 /* LaunchScreen.xib */,
				4710B6AA1A8B395B00260E07 /* YelpClient.swift */,
				4710B6861A8B315C00260E07 /* Info.plist */,
			);
			name = "Supporting Files";
			sourceTree = "<group>";
		};
		4710B69A1A8B315C00260E07 /* yalpTests */ = {
			isa = PBXGroup;
			children = (
				4710B69D1A8B315C00260E07 /* yalpTests.swift */,
				4710B69B1A8B315C00260E07 /* Supporting Files */,
			);
			path = yalpTests;
			sourceTree = "<group>";
		};
		4710B69B1A8B315C00260E07 /* Supporting Files */ = {
			isa = PBXGroup;
			children = (
				4710B69C1A8B315C00260E07 /* Info.plist */,
			);
			name = "Supporting Files";
			sourceTree = "<group>";
		};
		838D2B741C5D24A452163EF2 /* Frameworks */ = {
			isa = PBXGroup;
			children = (
				4AFBCF435D1BF026E94948C4 /* libPods.a */,
			);
			name = Frameworks;
			sourceTree = "<group>";
		};
/* End PBXGroup section */

/* Begin PBXNativeTarget section */
		4710B6811A8B315C00260E07 /* yalp */ = {
			isa = PBXNativeTarget;
			buildConfigurationList = 4710B6A11A8B315C00260E07 /* Build configuration list for PBXNativeTarget "yalp" */;
			buildPhases = (
				9410AAA722003B436891AB26 /* Check Pods Manifest.lock */,
				4710B67E1A8B315C00260E07 /* Sources */,
				4710B67F1A8B315C00260E07 /* Frameworks */,
				4710B6801A8B315C00260E07 /* Resources */,
				365436444106D31E03153B9E /* Copy Pods Resources */,
			);
			buildRules = (
			);
			dependencies = (
			);
			name = yalp;
			productName = yalp;
			productReference = 4710B6821A8B315C00260E07 /* yalp.app */;
			productType = "com.apple.product-type.application";
		};
		4710B6961A8B315C00260E07 /* yalpTests */ = {
			isa = PBXNativeTarget;
			buildConfigurationList = 4710B6A41A8B315C00260E07 /* Build configuration list for PBXNativeTarget "yalpTests" */;
			buildPhases = (
				4710B6931A8B315C00260E07 /* Sources */,
				4710B6941A8B315C00260E07 /* Frameworks */,
				4710B6951A8B315C00260E07 /* Resources */,
			);
			buildRules = (
			);
			dependencies = (
				4710B6991A8B315C00260E07 /* PBXTargetDependency */,
			);
			name = yalpTests;
			productName = yalpTests;
			productReference = 4710B6971A8B315C00260E07 /* yalpTests.xctest */;
			productType = "com.apple.product-type.bundle.unit-test";
		};
/* End PBXNativeTarget section */

/* Begin PBXProject section */
		4710B67A1A8B315C00260E07 /* Project object */ = {
			isa = PBXProject;
			attributes = {
				LastUpgradeCheck = 0610;
				ORGANIZATIONNAME = "Dan Apczynski";
				TargetAttributes = {
					4710B6811A8B315C00260E07 = {
						CreatedOnToolsVersion = 6.1.1;
					};
					4710B6961A8B315C00260E07 = {
						CreatedOnToolsVersion = 6.1.1;
						TestTargetID = 4710B6811A8B315C00260E07;
					};
				};
			};
			buildConfigurationList = 4710B67D1A8B315C00260E07 /* Build configuration list for PBXProject "yalp" */;
			compatibilityVersion = "Xcode 3.2";
			developmentRegion = English;
			hasScannedForEncodings = 0;
			knownRegions = (
				en,
				Base,
			);
			mainGroup = 4710B6791A8B315B00260E07;
			productRefGroup = 4710B6831A8B315C00260E07 /* Products */;
			projectDirPath = "";
			projectRoot = "";
			targets = (
				4710B6811A8B315C00260E07 /* yalp */,
				4710B6961A8B315C00260E07 /* yalpTests */,
			);
		};
/* End PBXProject section */

/* Begin PBXResourcesBuildPhase section */
		4710B6801A8B315C00260E07 /* Resources */ = {
			isa = PBXResourcesBuildPhase;
			buildActionMask = 2147483647;
			files = (
				4710B68D1A8B315C00260E07 /* Main.storyboard in Resources */,
				4710B6921A8B315C00260E07 /* LaunchScreen.xib in Resources */,
				4710B68F1A8B315C00260E07 /* Images.xcassets in Resources */,
			);
			runOnlyForDeploymentPostprocessing = 0;
		};
		4710B6951A8B315C00260E07 /* Resources */ = {
			isa = PBXResourcesBuildPhase;
			buildActionMask = 2147483647;
			files = (
			);
			runOnlyForDeploymentPostprocessing = 0;
		};
/* End PBXResourcesBuildPhase section */

/* Begin PBXShellScriptBuildPhase section */
		365436444106D31E03153B9E /* Copy Pods Resources */ = {
			isa = PBXShellScriptBuildPhase;
			buildActionMask = 2147483647;
			files = (
			);
			inputPaths = (
			);
			name = "Copy Pods Resources";
			outputPaths = (
			);
			runOnlyForDeploymentPostprocessing = 0;
			shellPath = /bin/sh;
			shellScript = "\"${SRCROOT}/Pods/Target Support Files/Pods/Pods-resources.sh\"\n";
			showEnvVarsInLog = 0;
		};
		9410AAA722003B436891AB26 /* Check Pods Manifest.lock */ = {
			isa = PBXShellScriptBuildPhase;
			buildActionMask = 2147483647;
			files = (
			);
			inputPaths = (
			);
			name = "Check Pods Manifest.lock";
			outputPaths = (
			);
			runOnlyForDeploymentPostprocessing = 0;
			shellPath = /bin/sh;
			shellScript = "diff \"${PODS_ROOT}/../Podfile.lock\" \"${PODS_ROOT}/Manifest.lock\" > /dev/null\nif [[ $? != 0 ]] ; then\n    cat << EOM\nerror: The sandbox is not in sync with the Podfile.lock. Run 'pod install' or update your CocoaPods installation.\nEOM\n    exit 1\nfi\n";
			showEnvVarsInLog = 0;
		};
/* End PBXShellScriptBuildPhase section */

/* Begin PBXSourcesBuildPhase section */
		4710B67E1A8B315C00260E07 /* Sources */ = {
			isa = PBXSourcesBuildPhase;
			buildActionMask = 2147483647;
			files = (
				4710B68A1A8B315C00260E07 /* YalpViewController.swift in Sources */,
				47C973BC1A91BD0E00FA1078 /* DistanceViewController.swift in Sources */,
				4716BCF61A90F2D80012FC1A /* CategoriesFilterViewController.swift in Sources */,
				4727C3001A900A090082FCC4 /* CategoryFilterCell.swift in Sources */,
				4710B6AB1A8B395B00260E07 /* YelpClient.swift in Sources */,
				4710B6881A8B315C00260E07 /* AppDelegate.swift in Sources */,
				47EB523A1A8B3DF7006FA14C /* YalpTableViewCell.swift in Sources */,
				47C973BE1A91BD2B00FA1078 /* DistanceFilterCell.swift in Sources */,
				4727C2FE1A9006780082FCC4 /* FiltersViewController.swift in Sources */,
			);
			runOnlyForDeploymentPostprocessing = 0;
		};
		4710B6931A8B315C00260E07 /* Sources */ = {
			isa = PBXSourcesBuildPhase;
			buildActionMask = 2147483647;
			files = (
				4710B69E1A8B315C00260E07 /* yalpTests.swift in Sources */,
			);
			runOnlyForDeploymentPostprocessing = 0;
		};
/* End PBXSourcesBuildPhase section */

/* Begin PBXTargetDependency section */
		4710B6991A8B315C00260E07 /* PBXTargetDependency */ = {
			isa = PBXTargetDependency;
			target = 4710B6811A8B315C00260E07 /* yalp */;
			targetProxy = 4710B6981A8B315C00260E07 /* PBXContainerItemProxy */;
		};
/* End PBXTargetDependency section */

/* Begin PBXVariantGroup section */
		4710B68B1A8B315C00260E07 /* Main.storyboard */ = {
			isa = PBXVariantGroup;
			children = (
				4710B68C1A8B315C00260E07 /* Base */,
			);
			name = Main.storyboard;
			sourceTree = "<group>";
		};
		4710B6901A8B315C00260E07 /* LaunchScreen.xib */ = {
			isa = PBXVariantGroup;
			children = (
				4710B6911A8B315C00260E07 /* Base */,
			);
			name = LaunchScreen.xib;
			sourceTree = "<group>";
		};
/* End PBXVariantGroup section */

/* Begin XCBuildConfiguration section */
		4710B69F1A8B315C00260E07 /* Debug */ = {
			isa = XCBuildConfiguration;
			buildSettings = {
				ALWAYS_SEARCH_USER_PATHS = NO;
				CLANG_CXX_LANGUAGE_STANDARD = "gnu++0x";
				CLANG_CXX_LIBRARY = "libc++";
				CLANG_ENABLE_MODULES = YES;
				CLANG_ENABLE_OBJC_ARC = YES;
				CLANG_WARN_BOOL_CONVERSION = YES;
				CLANG_WARN_CONSTANT_CONVERSION = YES;
				CLANG_WARN_DIRECT_OBJC_ISA_USAGE = YES_ERROR;
				CLANG_WARN_EMPTY_BODY = YES;
				CLANG_WARN_ENUM_CONVERSION = YES;
				CLANG_WARN_INT_CONVERSION = YES;
				CLANG_WARN_OBJC_ROOT_CLASS = YES_ERROR;
				CLANG_WARN_UNREACHABLE_CODE = YES;
				CLANG_WARN__DUPLICATE_METHOD_MATCH = YES;
				"CODE_SIGN_IDENTITY[sdk=iphoneos*]" = "iPhone Developer";
				COPY_PHASE_STRIP = NO;
				ENABLE_STRICT_OBJC_MSGSEND = YES;
				GCC_C_LANGUAGE_STANDARD = gnu99;
				GCC_DYNAMIC_NO_PIC = NO;
				GCC_OPTIMIZATION_LEVEL = 0;
				GCC_PREPROCESSOR_DEFINITIONS = (
					"DEBUG=1",
					"$(inherited)",
				);
				GCC_SYMBOLS_PRIVATE_EXTERN = NO;
				GCC_WARN_64_TO_32_BIT_CONVERSION = YES;
				GCC_WARN_ABOUT_RETURN_TYPE = YES_ERROR;
				GCC_WARN_UNDECLARED_SELECTOR = YES;
				GCC_WARN_UNINITIALIZED_AUTOS = YES_AGGRESSIVE;
				GCC_WARN_UNUSED_FUNCTION = YES;
				GCC_WARN_UNUSED_VARIABLE = YES;
				IPHONEOS_DEPLOYMENT_TARGET = 8.1;
				MTL_ENABLE_DEBUG_INFO = YES;
				ONLY_ACTIVE_ARCH = YES;
				SDKROOT = iphoneos;
				SWIFT_OPTIMIZATION_LEVEL = "-Onone";
			};
			name = Debug;
		};
		4710B6A01A8B315C00260E07 /* Release */ = {
			isa = XCBuildConfiguration;
			buildSettings = {
				ALWAYS_SEARCH_USER_PATHS = NO;
				CLANG_CXX_LANGUAGE_STANDARD = "gnu++0x";
				CLANG_CXX_LIBRARY = "libc++";
				CLANG_ENABLE_MODULES = YES;
				CLANG_ENABLE_OBJC_ARC = YES;
				CLANG_WARN_BOOL_CONVERSION = YES;
				CLANG_WARN_CONSTANT_CONVERSION = YES;
				CLANG_WARN_DIRECT_OBJC_ISA_USAGE = YES_ERROR;
				CLANG_WARN_EMPTY_BODY = YES;
				CLANG_WARN_ENUM_CONVERSION = YES;
				CLANG_WARN_INT_CONVERSION = YES;
				CLANG_WARN_OBJC_ROOT_CLASS = YES_ERROR;
				CLANG_WARN_UNREACHABLE_CODE = YES;
				CLANG_WARN__DUPLICATE_METHOD_MATCH = YES;
				"CODE_SIGN_IDENTITY[sdk=iphoneos*]" = "iPhone Developer";
				COPY_PHASE_STRIP = YES;
				ENABLE_NS_ASSERTIONS = NO;
				ENABLE_STRICT_OBJC_MSGSEND = YES;
				GCC_C_LANGUAGE_STANDARD = gnu99;
				GCC_WARN_64_TO_32_BIT_CONVERSION = YES;
				GCC_WARN_ABOUT_RETURN_TYPE = YES_ERROR;
				GCC_WARN_UNDECLARED_SELECTOR = YES;
				GCC_WARN_UNINITIALIZED_AUTOS = YES_AGGRESSIVE;
				GCC_WARN_UNUSED_FUNCTION = YES;
				GCC_WARN_UNUSED_VARIABLE = YES;
				IPHONEOS_DEPLOYMENT_TARGET = 8.1;
				MTL_ENABLE_DEBUG_INFO = NO;
				SDKROOT = iphoneos;
				VALIDATE_PRODUCT = YES;
			};
			name = Release;
		};
		4710B6A21A8B315C00260E07 /* Debug */ = {
			isa = XCBuildConfiguration;
			baseConfigurationReference = 435037429F464A9F7D8E603D /* Pods.debug.xcconfig */;
			buildSettings = {
				ASSETCATALOG_COMPILER_APPICON_NAME = AppIcon;
				CLANG_ENABLE_MODULES = YES;
				INFOPLIST_FILE = yalp/Info.plist;
				LD_RUNPATH_SEARCH_PATHS = "$(inherited) @executable_path/Frameworks";
				PRODUCT_NAME = "$(TARGET_NAME)";
				SWIFT_OBJC_BRIDGING_HEADER = "yalp-Bridging-Header.h";
				SWIFT_OPTIMIZATION_LEVEL = "-Onone";
			};
			name = Debug;
		};
		4710B6A31A8B315C00260E07 /* Release */ = {
			isa = XCBuildConfiguration;
			baseConfigurationReference = 0695899EC26F3F05EA5A8816 /* Pods.release.xcconfig */;
			buildSettings = {
				ASSETCATALOG_COMPILER_APPICON_NAME = AppIcon;
				CLANG_ENABLE_MODULES = YES;
				INFOPLIST_FILE = yalp/Info.plist;
				LD_RUNPATH_SEARCH_PATHS = "$(inherited) @executable_path/Frameworks";
				PRODUCT_NAME = "$(TARGET_NAME)";
				SWIFT_OBJC_BRIDGING_HEADER = "yalp-Bridging-Header.h";
			};
			name = Release;
		};
		4710B6A51A8B315C00260E07 /* Debug */ = {
			isa = XCBuildConfiguration;
			buildSettings = {
				BUNDLE_LOADER = "$(TEST_HOST)";
				FRAMEWORK_SEARCH_PATHS = (
					"$(SDKROOT)/Developer/Library/Frameworks",
					"$(inherited)",
				);
				GCC_PREPROCESSOR_DEFINITIONS = (
					"DEBUG=1",
					"$(inherited)",
				);
				INFOPLIST_FILE = yalpTests/Info.plist;
				LD_RUNPATH_SEARCH_PATHS = "$(inherited) @executable_path/Frameworks @loader_path/Frameworks";
				PRODUCT_NAME = "$(TARGET_NAME)";
				TEST_HOST = "$(BUILT_PRODUCTS_DIR)/yalp.app/yalp";
			};
			name = Debug;
		};
		4710B6A61A8B315C00260E07 /* Release */ = {
			isa = XCBuildConfiguration;
			buildSettings = {
				BUNDLE_LOADER = "$(TEST_HOST)";
				FRAMEWORK_SEARCH_PATHS = (
					"$(SDKROOT)/Developer/Library/Frameworks",
					"$(inherited)",
				);
				INFOPLIST_FILE = yalpTests/Info.plist;
				LD_RUNPATH_SEARCH_PATHS = "$(inherited) @executable_path/Frameworks @loader_path/Frameworks";
				PRODUCT_NAME = "$(TARGET_NAME)";
				TEST_HOST = "$(BUILT_PRODUCTS_DIR)/yalp.app/yalp";
			};
			name = Release;
		};
/* End XCBuildConfiguration section */

/* Begin XCConfigurationList section */
		4710B67D1A8B315C00260E07 /* Build configuration list for PBXProject "yalp" */ = {
			isa = XCConfigurationList;
			buildConfigurations = (
				4710B69F1A8B315C00260E07 /* Debug */,
				4710B6A01A8B315C00260E07 /* Release */,
			);
			defaultConfigurationIsVisible = 0;
			defaultConfigurationName = Release;
		};
		4710B6A11A8B315C00260E07 /* Build configuration list for PBXNativeTarget "yalp" */ = {
			isa = XCConfigurationList;
			buildConfigurations = (
				4710B6A21A8B315C00260E07 /* Debug */,
				4710B6A31A8B315C00260E07 /* Release */,
			);
			defaultConfigurationIsVisible = 0;
			defaultConfigurationName = Release;
		};
		4710B6A41A8B315C00260E07 /* Build configuration list for PBXNativeTarget "yalpTests" */ = {
			isa = XCConfigurationList;
			buildConfigurations = (
				4710B6A51A8B315C00260E07 /* Debug */,
				4710B6A61A8B315C00260E07 /* Release */,
			);
			defaultConfigurationIsVisible = 0;
			defaultConfigurationName = Release;
		};
/* End XCConfigurationList section */
	};
	rootObject = 4710B67A1A8B315C00260E07 /* Project object */;
}
